// !$*UTF8*$!
{
	archiveVersion = 1;
	classes = {
	};
	objectVersion = 50;
	objects = {

/* Begin PBXBuildFile section */
		16B71F7B2493A96000885A9F /* AppDelegate.swift in Sources */ = {isa = PBXBuildFile; fileRef = 16B71F7A2493A96000885A9F /* AppDelegate.swift */; };
		16B71F7D2493A96000885A9F /* SceneDelegate.swift in Sources */ = {isa = PBXBuildFile; fileRef = 16B71F7C2493A96000885A9F /* SceneDelegate.swift */; };
		16B71F7F2493A96000885A9F /* ContentView.swift in Sources */ = {isa = PBXBuildFile; fileRef = 16B71F7E2493A96000885A9F /* ContentView.swift */; };
		16B71F812493A96200885A9F /* Assets.xcassets in Resources */ = {isa = PBXBuildFile; fileRef = 16B71F802493A96200885A9F /* Assets.xcassets */; };
		16B71F842493A96200885A9F /* Preview Assets.xcassets in Resources */ = {isa = PBXBuildFile; fileRef = 16B71F832493A96200885A9F /* Preview Assets.xcassets */; };
		16B71F872493A96200885A9F /* LaunchScreen.storyboard in Resources */ = {isa = PBXBuildFile; fileRef = 16B71F852493A96200885A9F /* LaunchScreen.storyboard */; };
		16B71F8F2493A98400885A9F /* Task.swift in Sources */ = {isa = PBXBuildFile; fileRef = 16B71F8E2493A98400885A9F /* Task.swift */; };
		16B71F912493D5AF00885A9F /* ViewModel.swift in Sources */ = {isa = PBXBuildFile; fileRef = 16B71F902493D5AF00885A9F /* ViewModel.swift */; };
/* End PBXBuildFile section */

/* Begin PBXFileReference section */
		16B71F772493A96000885A9F /* SwiftUi Simple TaskList.app */ = {isa = PBXFileReference; explicitFileType = wrapper.application; includeInIndex = 0; path = "SwiftUi Simple TaskList.app"; sourceTree = BUILT_PRODUCTS_DIR; };
		16B71F7A2493A96000885A9F /* AppDelegate.swift */ = {isa = PBXFileReference; lastKnownFileType = sourcecode.swift; path = AppDelegate.swift; sourceTree = "<group>"; };
		16B71F7C2493A96000885A9F /* SceneDelegate.swift */ = {isa = PBXFileReference; lastKnownFileType = sourcecode.swift; path = SceneDelegate.swift; sourceTree = "<group>"; };
		16B71F7E2493A96000885A9F /* ContentView.swift */ = {isa = PBXFileReference; lastKnownFileType = sourcecode.swift; path = ContentView.swift; sourceTree = "<group>"; };
		16B71F802493A96200885A9F /* Assets.xcassets */ = {isa = PBXFileReference; lastKnownFileType = folder.assetcatalog; path = Assets.xcassets; sourceTree = "<group>"; };
		16B71F832493A96200885A9F /* Preview Assets.xcassets */ = {isa = PBXFileReference; lastKnownFileType = folder.assetcatalog; path = "Preview Assets.xcassets"; sourceTree = "<group>"; };
		16B71F862493A96200885A9F /* Base */ = {isa = PBXFileReference; lastKnownFileType = file.storyboard; name = Base; path = Base.lproj/LaunchScreen.storyboard; sourceTree = "<group>"; };
		16B71F882493A96200885A9F /* Info.plist */ = {isa = PBXFileReference; lastKnownFileType = text.plist.xml; path = Info.plist; sourceTree = "<group>"; };
		16B71F8E2493A98400885A9F /* Task.swift */ = {isa = PBXFileReference; lastKnownFileType = sourcecode.swift; path = Task.swift; sourceTree = "<group>"; };
		16B71F902493D5AF00885A9F /* ViewModel.swift */ = {isa = PBXFileReference; lastKnownFileType = sourcecode.swift; path = ViewModel.swift; sourceTree = "<group>"; };
/* End PBXFileReference section */

/* Begin PBXFrameworksBuildPhase section */
		16B71F742493A96000885A9F /* Frameworks */ = {
			isa = PBXFrameworksBuildPhase;
			buildActionMask = 2147483647;
			files = (
			);
			runOnlyForDeploymentPostprocessing = 0;
		};
/* End PBXFrameworksBuildPhase section */

/* Begin PBXGroup section */
		16B71F6E2493A96000885A9F = {
			isa = PBXGroup;
			children = (
				16B71F792493A96000885A9F /* SwiftUi Simple TaskList */,
				16B71F782493A96000885A9F /* Products */,
			);
			sourceTree = "<group>";
		};
		16B71F782493A96000885A9F /* Products */ = {
			isa = PBXGroup;
			children = (
				16B71F772493A96000885A9F /* SwiftUi Simple TaskList.app */,
			);
			name = Products;
			sourceTree = "<group>";
		};
		16B71F792493A96000885A9F /* SwiftUi Simple TaskList */ = {
			isa = PBXGroup;
			children = (
				16B71F7A2493A96000885A9F /* AppDelegate.swift */,
				16B71F7C2493A96000885A9F /* SceneDelegate.swift */,
				16B71F7E2493A96000885A9F /* ContentView.swift */,
				16B71F802493A96200885A9F /* Assets.xcassets */,
				16B71F852493A96200885A9F /* LaunchScreen.storyboard */,
				16B71F882493A96200885A9F /* Info.plist */,
				16B71F822493A96200885A9F /* Preview Content */,
				16B71F8E2493A98400885A9F /* Task.swift */,
				16B71F902493D5AF00885A9F /* ViewModel.swift */,
			);
			path = "SwiftUi Simple TaskList";
			sourceTree = "<group>";
		};
		16B71F822493A96200885A9F /* Preview Content */ = {
			isa = PBXGroup;
			children = (
				16B71F832493A96200885A9F /* Preview Assets.xcassets */,
			);
			path = "Preview Content";
			sourceTree = "<group>";
		};
/* End PBXGroup section */

/* Begin PBXNativeTarget section */
		16B71F762493A96000885A9F /* SwiftUi Simple TaskList */ = {
			isa = PBXNativeTarget;
			buildConfigurationList = 16B71F8B2493A96200885A9F /* Build configuration list for PBXNativeTarget "SwiftUi Simple TaskList" */;
			buildPhases = (
				16B71F732493A96000885A9F /* Sources */,
				16B71F742493A96000885A9F /* Frameworks */,
				16B71F752493A96000885A9F /* Resources */,
			);
			buildRules = (
			);
			dependencies = (
			);
			name = "SwiftUi Simple TaskList";
			productName = "SwiftUi Simple TaskList";
			productReference = 16B71F772493A96000885A9F /* SwiftUi Simple TaskList.app */;
			productType = "com.apple.product-type.application";
		};
/* End PBXNativeTarget section */

/* Begin PBXProject section */
		16B71F6F2493A96000885A9F /* Project object */ = {
			isa = PBXProject;
			attributes = {
				LastSwiftUpdateCheck = 1150;
				LastUpgradeCheck = 1150;
				ORGANIZATIONNAME = "Wojciech Konury";
				TargetAttributes = {
					16B71F762493A96000885A9F = {
						CreatedOnToolsVersion = 11.5;
					};
				};
			};
			buildConfigurationList = 16B71F722493A96000885A9F /* Build configuration list for PBXProject "SwiftUi Simple TaskList" */;
			compatibilityVersion = "Xcode 9.3";
			developmentRegion = en;
			hasScannedForEncodings = 0;
			knownRegions = (
				en,
				Base,
			);
			mainGroup = 16B71F6E2493A96000885A9F;
			productRefGroup = 16B71F782493A96000885A9F /* Products */;
			projectDirPath = "";
			projectRoot = "";
			targets = (
				16B71F762493A96000885A9F /* SwiftUi Simple TaskList */,
			);
		};
/* End PBXProject section */

/* Begin PBXResourcesBuildPhase section */
		16B71F752493A96000885A9F /* Resources */ = {
			isa = PBXResourcesBuildPhase;
			buildActionMask = 2147483647;
			files = (
				16B71F872493A96200885A9F /* LaunchScreen.storyboard in Resources */,
				16B71F842493A96200885A9F /* Preview Assets.xcassets in Resources */,
				16B71F812493A96200885A9F /* Assets.xcassets in Resources */,
			);
			runOnlyForDeploymentPostprocessing = 0;
		};
/* End PBXResourcesBuildPhase section */

/* Begin PBXSourcesBuildPhase section */
		16B71F732493A96000885A9F /* Sources */ = {
			isa = PBXSourcesBuildPhase;
			buildActionMask = 2147483647;
			files = (
				16B71F912493D5AF00885A9F /* ViewModel.swift in Sources */,
				16B71F8F2493A98400885A9F /* Task.swift in Sources */,
				16B71F7B2493A96000885A9F /* AppDelegate.swift in Sources */,
				16B71F7D2493A96000885A9F /* SceneDelegate.swift in Sources */,
				16B71F7F2493A96000885A9F /* ContentView.swift in Sources */,
			);
			runOnlyForDeploymentPostprocessing = 0;
		};
/* End PBXSourcesBuildPhase section */

/* Begin PBXVariantGroup section */
		16B71F852493A96200885A9F /* LaunchScreen.storyboard */ = {
			isa = PBXVariantGroup;
			children = (
				16B71F862493A96200885A9F /* Base */,
			);
			name = LaunchScreen.storyboard;
			sourceTree = "<group>";
		};
/* End PBXVariantGroup section */

/* Begin XCBuildConfiguration section */
		16B71F892493A96200885A9F /* Debug */ = {
			isa = XCBuildConfiguration;
			buildSettings = {
				ALWAYS_SEARCH_USER_PATHS = NO;
				CLANG_ANALYZER_NONNULL = YES;
				CLANG_ANALYZER_NUMBER_OBJECT_CONVERSION = YES_AGGRESSIVE;
				CLANG_CXX_LANGUAGE_STANDARD = "gnu++14";
				CLANG_CXX_LIBRARY = "libc++";
				CLANG_ENABLE_MODULES = YES;
				CLANG_ENABLE_OBJC_ARC = YES;
				CLANG_ENABLE_OBJC_WEAK = YES;
				CLANG_WARN_BLOCK_CAPTURE_AUTORELEASING = YES;
				CLANG_WARN_BOOL_CONVERSION = YES;
				CLANG_WARN_COMMA = YES;
				CLANG_WARN_CONSTANT_CONVERSION = YES;
				CLANG_WARN_DEPRECATED_OBJC_IMPLEMENTATIONS = YES;
				CLANG_WARN_DIRECT_OBJC_ISA_USAGE = YES_ERROR;
				CLANG_WARN_DOCUMENTATION_COMMENTS = YES;
				CLANG_WARN_EMPTY_BODY = YES;
				CLANG_WARN_ENUM_CONVERSION = YES;
				CLANG_WARN_INFINITE_RECURSION = YES;
				CLANG_WARN_INT_CONVERSION = YES;
				CLANG_WARN_NON_LITERAL_NULL_CONVERSION = YES;
				CLANG_WARN_OBJC_IMPLICIT_RETAIN_SELF = YES;
				CLANG_WARN_OBJC_LITERAL_CONVERSION = YES;
				CLANG_WARN_OBJC_ROOT_CLASS = YES_ERROR;
				CLANG_WARN_RANGE_LOOP_ANALYSIS = YES;
				CLANG_WARN_STRICT_PROTOTYPES = YES;
				CLANG_WARN_SUSPICIOUS_MOVE = YES;
				CLANG_WARN_UNGUARDED_AVAILABILITY = YES_AGGRESSIVE;
				CLANG_WARN_UNREACHABLE_CODE = YES;
				CLANG_WARN__DUPLICATE_METHOD_MATCH = YES;
				COPY_PHASE_STRIP = NO;
				DEBUG_INFORMATION_FORMAT = dwarf;
				ENABLE_STRICT_OBJC_MSGSEND = YES;
				ENABLE_TESTABILITY = YES;
				GCC_C_LANGUAGE_STANDARD = gnu11;
				GCC_DYNAMIC_NO_PIC = NO;
				GCC_NO_COMMON_BLOCKS = YES;
				GCC_OPTIMIZATION_LEVEL = 0;
				GCC_PREPROCESSOR_DEFINITIONS = (
					"DEBUG=1",
					"$(inherited)",
				);
				GCC_WARN_64_TO_32_BIT_CONVERSION = YES;
				GCC_WARN_ABOUT_RETURN_TYPE = YES_ERROR;
				GCC_WARN_UNDECLARED_SELECTOR = YES;
				GCC_WARN_UNINITIALIZED_AUTOS = YES_AGGRESSIVE;
				GCC_WARN_UNUSED_FUNCTION = YES;
				GCC_WARN_UNUSED_VARIABLE = YES;
				IPHONEOS_DEPLOYMENT_TARGET = 13.5;
				MTL_ENABLE_DEBUG_INFO = INCLUDE_SOURCE;
				MTL_FAST_MATH = YES;
				ONLY_ACTIVE_ARCH = YES;
				SDKROOT = iphoneos;
				SWIFT_ACTIVE_COMPILATION_CONDITIONS = DEBUG;
				SWIFT_OPTIMIZATION_LEVEL = "-Onone";
			};
			name = Debug;
		};
		16B71F8A2493A96200885A9F /* Release */ = {
			isa = XCBuildConfiguration;
			buildSettings = {
				ALWAYS_SEARCH_USER_PATHS = NO;
				CLANG_ANALYZER_NONNULL = YES;
				CLANG_ANALYZER_NUMBER_OBJECT_CONVERSION = YES_AGGRESSIVE;
				CLANG_CXX_LANGUAGE_STANDARD = "gnu++14";
				CLANG_CXX_LIBRARY = "libc++";
				CLANG_ENABLE_MODULES = YES;
				CLANG_ENABLE_OBJC_ARC = YES;
				CLANG_ENABLE_OBJC_WEAK = YES;
				CLANG_WARN_BLOCK_CAPTURE_AUTORELEASING = YES;
				CLANG_WARN_BOOL_CONVERSION = YES;
				CLANG_WARN_COMMA = YES;
				CLANG_WARN_CONSTANT_CONVERSION = YES;
				CLANG_WARN_DEPRECATED_OBJC_IMPLEMENTATIONS = YES;
				CLANG_WARN_DIRECT_OBJC_ISA_USAGE = YES_ERROR;
				CLANG_WARN_DOCUMENTATION_COMMENTS = YES;
				CLANG_WARN_EMPTY_BODY = YES;
				CLANG_WARN_ENUM_CONVERSION = YES;
				CLANG_WARN_INFINITE_RECURSION = YES;
				CLANG_WARN_INT_CONVERSION = YES;
				CLANG_WARN_NON_LITERAL_NULL_CONVERSION = YES;
				CLANG_WARN_OBJC_IMPLICIT_RETAIN_SELF = YES;
				CLANG_WARN_OBJC_LITERAL_CONVERSION = YES;
				CLANG_WARN_OBJC_ROOT_CLASS = YES_ERROR;
				CLANG_WARN_RANGE_LOOP_ANALYSIS = YES;
				CLANG_WARN_STRICT_PROTOTYPES = YES;
				CLANG_WARN_SUSPICIOUS_MOVE = YES;
				CLANG_WARN_UNGUARDED_AVAILABILITY = YES_AGGRESSIVE;
				CLANG_WARN_UNREACHABLE_CODE = YES;
				CLANG_WARN__DUPLICATE_METHOD_MATCH = YES;
				COPY_PHASE_STRIP = NO;
				DEBUG_INFORMATION_FORMAT = "dwarf-with-dsym";
				ENABLE_NS_ASSERTIONS = NO;
				ENABLE_STRICT_OBJC_MSGSEND = YES;
				GCC_C_LANGUAGE_STANDARD = gnu11;
				GCC_NO_COMMON_BLOCKS = YES;
				GCC_WARN_64_TO_32_BIT_CONVERSION = YES;
				GCC_WARN_ABOUT_RETURN_TYPE = YES_ERROR;
				GCC_WARN_UNDECLARED_SELECTOR = YES;
				GCC_WARN_UNINITIALIZED_AUTOS = YES_AGGRESSIVE;
				GCC_WARN_UNUSED_FUNCTION = YES;
				GCC_WARN_UNUSED_VARIABLE = YES;
				IPHONEOS_DEPLOYMENT_TARGET = 13.5;
				MTL_ENABLE_DEBUG_INFO = NO;
				MTL_FAST_MATH = YES;
				SDKROOT = iphoneos;
				SWIFT_COMPILATION_MODE = wholemodule;
				SWIFT_OPTIMIZATION_LEVEL = "-O";
				VALIDATE_PRODUCT = YES;
			};
			name = Release;
		};
		16B71F8C2493A96200885A9F /* Debug */ = {
			isa = XCBuildConfiguration;
			buildSettings = {
				ASSETCATALOG_COMPILER_APPICON_NAME = AppIcon;
				CODE_SIGN_STYLE = Automatic;
				DEVELOPMENT_ASSET_PATHS = "\"SwiftUi Simple TaskList/Preview Content\"";
				ENABLE_PREVIEWS = YES;
				INFOPLIST_FILE = "SwiftUi Simple TaskList/Info.plist";
				LD_RUNPATH_SEARCH_PATHS = (
					"$(inherited)",
					"@executable_path/Frameworks",
				);
				PRODUCT_BUNDLE_IDENTIFIER = "wojciechkonury.SwiftUi-Simple-TaskList";
				PRODUCT_NAME = "$(TARGET_NAME)";
				SWIFT_VERSION = 5.0;
				TARGETED_DEVICE_FAMILY = "1,2";
			};
			name = Debug;
		};
		16B71F8D2493A96200885A9F /* Release */ = {
			isa = XCBuildConfiguration;
			buildSettings = {
				ASSETCATALOG_COMPILER_APPICON_NAME = AppIcon;
				CODE_SIGN_STYLE = Automatic;
				DEVELOPMENT_ASSET_PATHS = "\"SwiftUi Simple TaskList/Preview Content\"";
				ENABLE_PREVIEWS = YES;
				INFOPLIST_FILE = "SwiftUi Simple TaskList/Info.plist";
				LD_RUNPATH_SEARCH_PATHS = (
					"$(inherited)",
					"@executable_path/Frameworks",
				);
				PRODUCT_BUNDLE_IDENTIFIER = "wojciechkonury.SwiftUi-Simple-TaskList";
				PRODUCT_NAME = "$(TARGET_NAME)";
				SWIFT_VERSION = 5.0;
				TARGETED_DEVICE_FAMILY = "1,2";
			};
			name = Release;
		};
/* End XCBuildConfiguration section */

/* Begin XCConfigurationList section */
		16B71F722493A96000885A9F /* Build configuration list for PBXProject "SwiftUi Simple TaskList" */ = {
			isa = XCConfigurationList;
			buildConfigurations = (
				16B71F892493A96200885A9F /* Debug */,
				16B71F8A2493A96200885A9F /* Release */,
			);
			defaultConfigurationIsVisible = 0;
			defaultConfigurationName = Release;
		};
		16B71F8B2493A96200885A9F /* Build configuration list for PBXNativeTarget "SwiftUi Simple TaskList" */ = {
			isa = XCConfigurationList;
			buildConfigurations = (
				16B71F8C2493A96200885A9F /* Debug */,
				16B71F8D2493A96200885A9F /* Release */,
			);
			defaultConfigurationIsVisible = 0;
			defaultConfigurationName = Release;
		};
/* End XCConfigurationList section */
	};
	rootObject = 16B71F6F2493A96000885A9F /* Project object */;
}
